
Microsoft Visual Studio Solution File, Format Version 12.00
# Visual Studio Version 16
VisualStudioVersion = 16.0.29613.14
MinimumVisualStudioVersion = 10.0.40219.1
Project("{9A19103F-16F7-4668-BE54-9A1E7A4F7556}") = "BlazorMovieApp", "BlazorMovieApp.csproj", "{A22F4D62-5829-47DB-94B9-1CC64B326477}"
EndProject
Global
	GlobalSection(SolutionConfigurationPlatforms) = preSolution
		Debug|Any CPU = Debug|Any CPU
		Release|Any CPU = Release|Any CPU
	EndGlobalSection
	GlobalSection(ProjectConfigurationPlatforms) = postSolution
		{A22F4D62-5829-47DB-94B9-1CC64B326477}.Debug|Any CPU.ActiveCfg = Debug|Any CPU
		{A22F4D62-5829-47DB-94B9-1CC64B326477}.Debug|Any CPU.Build.0 = Debug|Any CPU
		{A22F4D62-5829-47DB-94B9-1CC64B326477}.Release|Any CPU.ActiveCfg = Release|Any CPU
		{A22F4D62-5829-47DB-94B9-1CC64B326477}.Release|Any CPU.Build.0 = Release|Any CPU
	EndGlobalSection
	GlobalSection(SolutionProperties) = preSolution
		HideSolutionNode = FALSE
	EndGlobalSection
	GlobalSection(ExtensibilityGlobals) = postSolution
		SolutionGuid = {D2C999A4-477D-4CE1-9588-0579BDD490BD}
	EndGlobalSection
EndGlobal
